
Microsoft Visual Studio Solution File, Format Version 12.00
# Visual Studio Version 17
VisualStudioVersion = 17.0.32014.148
MinimumVisualStudioVersion = 10.0.40219.1
Project("{9A19103F-16F7-4668-BE54-9A1E7A4F7556}") = "TDSProxy", "TDSProxy\TDSProxy.csproj", "{0AE9E17C-C69B-44E9-A923-6B9B3D62BD40}"
EndProject
Project("{9A19103F-16F7-4668-BE54-9A1E7A4F7556}") = "TDSProtocol", "TDSProtocol\TDSProtocol.csproj", "{99FCFF04-2F8E-4AC9-8136-C2574D1E0F2F}"
EndProject
Project("{FAE04EC0-301F-11D3-BF4B-00C04F79EFBC}") = "TestConnection", "TestConnection\TestConnection.csproj", "{2B478DDF-E3E5-4C83-B89B-1F1571A72B24}"
EndProject
Project("{9A19103F-16F7-4668-BE54-9A1E7A4F7556}") = "TDSProxy.Authentication", "TDSProxy.Authentication\TDSProxy.Authentication.csproj", "{D0393653-61B9-461B-A828-B9656B295191}"
EndProject
Project("{9A19103F-16F7-4668-BE54-9A1E7A4F7556}") = "SampleAuthenticator", "SampleAuthenticator\SampleAuthenticator.csproj", "{7E9E3A09-F93B-49C9-BCBB-1BAE98CF8380}"
EndProject
Project("{FAE04EC0-301F-11D3-BF4B-00C04F79EFBC}") = "TDSProtocolTests", "TDSProtocolTests\TDSProtocolTests.csproj", "{07E36B94-83EC-4577-B687-64EF27142599}"
EndProject
Global
	GlobalSection(SolutionConfigurationPlatforms) = preSolution
		Debug|Any CPU = Debug|Any CPU
		Release|Any CPU = Release|Any CPU
	EndGlobalSection
	GlobalSection(ProjectConfigurationPlatforms) = postSolution
		{0AE9E17C-C69B-44E9-A923-6B9B3D62BD40}.Debug|Any CPU.ActiveCfg = Debug|Any CPU
		{0AE9E17C-C69B-44E9-A923-6B9B3D62BD40}.Debug|Any CPU.Build.0 = Debug|Any CPU
		{0AE9E17C-C69B-44E9-A923-6B9B3D62BD40}.Release|Any CPU.ActiveCfg = Release|Any CPU
		{0AE9E17C-C69B-44E9-A923-6B9B3D62BD40}.Release|Any CPU.Build.0 = Release|Any CPU
		{99FCFF04-2F8E-4AC9-8136-C2574D1E0F2F}.Debug|Any CPU.ActiveCfg = Debug|Any CPU
		{99FCFF04-2F8E-4AC9-8136-C2574D1E0F2F}.Debug|Any CPU.Build.0 = Debug|Any CPU
		{99FCFF04-2F8E-4AC9-8136-C2574D1E0F2F}.Release|Any CPU.ActiveCfg = Release|Any CPU
		{99FCFF04-2F8E-4AC9-8136-C2574D1E0F2F}.Release|Any CPU.Build.0 = Release|Any CPU
		{2B478DDF-E3E5-4C83-B89B-1F1571A72B24}.Debug|Any CPU.ActiveCfg = Debug|Any CPU
		{2B478DDF-E3E5-4C83-B89B-1F1571A72B24}.Debug|Any CPU.Build.0 = Debug|Any CPU
		{2B478DDF-E3E5-4C83-B89B-1F1571A72B24}.Release|Any CPU.ActiveCfg = Release|Any CPU
		{2B478DDF-E3E5-4C83-B89B-1F1571A72B24}.Release|Any CPU.Build.0 = Release|Any CPU
		{D0393653-61B9-461B-A828-B9656B295191}.Debug|Any CPU.ActiveCfg = Debug|Any CPU
		{D0393653-61B9-461B-A828-B9656B295191}.Debug|Any CPU.Build.0 = Debug|Any CPU
		{D0393653-61B9-461B-A828-B9656B295191}.Release|Any CPU.ActiveCfg = Release|Any CPU
		{D0393653-61B9-461B-A828-B9656B295191}.Release|Any CPU.Build.0 = Release|Any CPU
		{7E9E3A09-F93B-49C9-BCBB-1BAE98CF8380}.Debug|Any CPU.ActiveCfg = Debug|Any CPU
		{7E9E3A09-F93B-49C9-BCBB-1BAE98CF8380}.Debug|Any CPU.Build.0 = Debug|Any CPU
		{7E9E3A09-F93B-49C9-BCBB-1BAE98CF8380}.Release|Any CPU.ActiveCfg = Release|Any CPU
		{7E9E3A09-F93B-49C9-BCBB-1BAE98CF8380}.Release|Any CPU.Build.0 = Release|Any CPU
		{07E36B94-83EC-4577-B687-64EF27142599}.Debug|Any CPU.ActiveCfg = Debug|Any CPU
		{07E36B94-83EC-4577-B687-64EF27142599}.Debug|Any CPU.Build.0 = Debug|Any CPU
		{07E36B94-83EC-4577-B687-64EF27142599}.Release|Any CPU.ActiveCfg = Release|Any CPU
		{07E36B94-83EC-4577-B687-64EF27142599}.Release|Any CPU.Build.0 = Release|Any CPU
	EndGlobalSection
	GlobalSection(SolutionProperties) = preSolution
		HideSolutionNode = FALSE
	EndGlobalSection
	GlobalSection(ExtensibilityGlobals) = postSolution
		SolutionGuid = {8BE9362E-EEC7-4973-9B93-B8EF0F2EBBAD}
	EndGlobalSection
	GlobalSection(SubversionScc) = preSolution
		Svn-Managed = True
		Manager = AnkhSVN - Subversion Support for Visual Studio
	EndGlobalSection
EndGlobal
